
Microsoft Visual Studio Solution File, Format Version 12.00
# Visual Studio Version 16
VisualStudioVersion = 16.0.31410.357
MinimumVisualStudioVersion = 10.0.40219.1
Project("{2150E333-8FDC-42A3-9474-1A3956D46DE8}") = "src", "src", "{7C485CBA-A08F-4A0E-835A-4505CBBB7EA8}"
EndProject
Project("{2150E333-8FDC-42A3-9474-1A3956D46DE8}") = "tests", "tests", "{E29E891F-BBEE-40EC-8B06-2CE3A811C657}"
EndProject
Project("{2150E333-8FDC-42A3-9474-1A3956D46DE8}") = "UnitTests", "UnitTests", "{55CC9AE1-6978-4ECB-9A0A-0DCE1B66D492}"
EndProject
Project("{2150E333-8FDC-42A3-9474-1A3956D46DE8}") = "IntegrationTests", "IntegrationTests", "{A5305CE8-201A-4D2D-85BF-635766E1BCD3}"
EndProject
Project("{2150E333-8FDC-42A3-9474-1A3956D46DE8}") = "OtherTests", "OtherTests", "{40355A8B-26D9-44D7-8AE4-255142B7C711}"
EndProject
Project("{2150E333-8FDC-42A3-9474-1A3956D46DE8}") = "samples", "samples", "{A7A87B49-2E4C-4A0A-92F4-7C7849F36A84}"
	ProjectSection(SolutionItems) = preProject
		samples\NLog.config = samples\NLog.config
	EndProjectSection
EndProject
Project("{9A19103F-16F7-4668-BE54-9A1E7A4F7556}") = "Curiosity.SampleWebApp", "samples\Curiosity.SampleWebApp\Curiosity.SampleWebApp.csproj", "{9C3EFD51-4681-4CBC-8CB1-0DD69FA9899A}"
EndProject
Project("{9A19103F-16F7-4668-BE54-9A1E7A4F7556}") = "Curiosity.Tools.Sample", "samples\Curiosity.Tools.Sample\Curiosity.Tools.Sample.csproj", "{9BF89006-7E88-43D6-80AC-A9F0C3057CAB}"
EndProject
Project("{2150E333-8FDC-42A3-9474-1A3956D46DE8}") = "Archiver", "Archiver", "{82BB1EB3-7615-4E4F-A714-2A2C5821D3BD}"
EndProject
Project("{FAE04EC0-301F-11D3-BF4B-00C04F79EFBC}") = "Curiosity.Archiver", "src\Archiver\Curiosity.Archiver\Curiosity.Archiver.csproj", "{2A5A4893-0262-4C6F-9398-6526266065D8}"
EndProject
Project("{FAE04EC0-301F-11D3-BF4B-00C04F79EFBC}") = "Curiosity.Archiver.SharpZip", "src\Archiver\Curiosity.Archiver.SharpZip\Curiosity.Archiver.SharpZip.csproj", "{0641424A-4361-4348-A10E-B64B40FA0975}"
EndProject
Project("{2150E333-8FDC-42A3-9474-1A3956D46DE8}") = "Misc", "Misc", "{0866729D-660C-46B7-AAD0-DD2C8E020BDC}"
EndProject
Project("{FAE04EC0-301F-11D3-BF4B-00C04F79EFBC}") = "Curiosity.Tools", "src\Misc\Curiosity.Tools\Curiosity.Tools.csproj", "{C17D4B89-E6ED-475F-87DE-DD48B569E9D7}"
EndProject
Project("{FAE04EC0-301F-11D3-BF4B-00C04F79EFBC}") = "Curiosity.Tools.Web", "src\Misc\Curiosity.Tools.Web\Curiosity.Tools.Web.csproj", "{ED6D619D-A74C-4E5E-8FF3-1F74D1D98686}"
EndProject
Project("{2150E333-8FDC-42A3-9474-1A3956D46DE8}") = "Configuration", "Configuration", "{0268A50E-3EF1-49CF-91DD-34F610B65835}"
EndProject
Project("{FAE04EC0-301F-11D3-BF4B-00C04F79EFBC}") = "Curiosity.Configuration", "src\Configuration\Curiosity.Configuration\Curiosity.Configuration.csproj", "{F3A97EA2-DA4E-4B2F-BAD6-3C4334F194AD}"
EndProject
Project("{FAE04EC0-301F-11D3-BF4B-00C04F79EFBC}") = "Curiosity.Configuration.YAML", "src\Configuration\Curiosity.Configuration.YAML\Curiosity.Configuration.YAML.csproj", "{1D85D9DC-BD34-4DCC-AD1C-33E8ACE86CEE}"
EndProject
Project("{FAE04EC0-301F-11D3-BF4B-00C04F79EFBC}") = "Curiosity.DataAnnotations", "src\Misc\Curiosity.DataAnnotations\Curiosity.DataAnnotations.csproj", "{F0AE6E96-58A7-4321-AA3C-92437659C001}"
EndProject
Project("{FAE04EC0-301F-11D3-BF4B-00C04F79EFBC}") = "Curiosity.DateTime.DbSync", "src\Misc\Curiosity.DateTime.DbSync\Curiosity.DateTime.DbSync.csproj", "{C0789496-3203-4E08-ADC0-6F3CFB707234}"
EndProject
Project("{FAE04EC0-301F-11D3-BF4B-00C04F79EFBC}") = "Curiosity.Cache.MemoryCache", "src\Misc\Curiosity.Cache.MemoryCache\Curiosity.Cache.MemoryCache.csproj", "{A4950C13-0BCB-4143-8968-CA0AACCA3195}"
EndProject
Project("{2150E333-8FDC-42A3-9474-1A3956D46DE8}") = "DAL", "DAL", "{4E8014FF-2216-4458-87A6-FF3C5A94C6BC}"
EndProject
Project("{FAE04EC0-301F-11D3-BF4B-00C04F79EFBC}") = "Curiosity.DAL", "src\DAL\Curiosity.DAL\Curiosity.DAL.csproj", "{2639271A-461F-474F-8CEA-B907A611B6CB}"
EndProject
Project("{FAE04EC0-301F-11D3-BF4B-00C04F79EFBC}") = "Curiosity.DAL.Dapper", "src\DAL\Curiosity.DAL.Dapper\Curiosity.DAL.Dapper.csproj", "{F19598AD-EA95-49E2-850F-027468A2A07A}"
EndProject
Project("{FAE04EC0-301F-11D3-BF4B-00C04F79EFBC}") = "Curiosity.DAL.EF", "src\DAL\Curiosity.DAL.EF\Curiosity.DAL.EF.csproj", "{DD0336EC-318B-46C3-B4AC-5EB6DF206858}"
EndProject
Project("{2150E333-8FDC-42A3-9474-1A3956D46DE8}") = "Email", "Email", "{EF238B48-C41F-4074-9876-3A8B73C86821}"
EndProject
Project("{2150E333-8FDC-42A3-9474-1A3956D46DE8}") = "SMS", "SMS", "{EEB0E172-4687-434F-A91B-3E7D3C60C8F8}"
EndProject
Project("{2150E333-8FDC-42A3-9474-1A3956D46DE8}") = "Localization", "Localization", "{EBFB0015-985B-4010-A69E-94AD58DAF067}"
EndProject
Project("{2150E333-8FDC-42A3-9474-1A3956D46DE8}") = "Notifications", "Notifications", "{DF8EC540-8419-441B-BEFA-78BBBD7FF85C}"
EndProject
Project("{2150E333-8FDC-42A3-9474-1A3956D46DE8}") = "RequestProcessing", "RequestProcessing", "{BBB9139C-E302-45A2-BF9E-90307E5E10A9}"
EndProject
Project("{2150E333-8FDC-42A3-9474-1A3956D46DE8}") = "Hosting", "Hosting", "{1C3DE599-41AF-43EF-B30E-8A04FCE7BF78}"
EndProject
Project("{2150E333-8FDC-42A3-9474-1A3956D46DE8}") = "Messaging", "Messaging", "{9CB5824D-17D9-4ED7-8DD8-6B26A1D3353A}"
EndProject
Project("{2150E333-8FDC-42A3-9474-1A3956D46DE8}") = "SFTP", "SFTP", "{F6D2B1FF-1ECB-46C3-BA67-59CC1715EBC2}"
EndProject
Project("{FAE04EC0-301F-11D3-BF4B-00C04F79EFBC}") = "Curiosity.DAL.EF.Polly", "src\DAL\Curiosity.DAL.EF.Polly\Curiosity.DAL.EF.Polly.csproj", "{5AB5AFF6-88E1-4F27-8C7C-88FEACB88A32}"
EndProject
Project("{FAE04EC0-301F-11D3-BF4B-00C04F79EFBC}") = "Curiosity.DAL.NpgSQL", "src\DAL\Curiosity.DAL.NpgSQL\Curiosity.DAL.NpgSQL.csproj", "{E10C20F0-8D4C-4E48-BEA4-052359D7C4A5}"
EndProject
Project("{FAE04EC0-301F-11D3-BF4B-00C04F79EFBC}") = "Curiosity.EMail", "src\Email\Curiosity.EMail\Curiosity.EMail.csproj", "{F8E3168E-6996-446A-A653-EC0412AA511F}"
EndProject
Project("{FAE04EC0-301F-11D3-BF4B-00C04F79EFBC}") = "Curiosity.EMail.Mailgun", "src\Email\Curiosity.EMail.Mailgun\Curiosity.EMail.Mailgun.csproj", "{FFE5DD8B-BA6D-4BB0-8CB9-61625B44315D}"
EndProject
Project("{FAE04EC0-301F-11D3-BF4B-00C04F79EFBC}") = "Curiosity.EMail.Smtp", "src\Email\Curiosity.EMail.Smtp\Curiosity.EMail.Smtp.csproj", "{CF04E512-38FF-4372-B1F9-718CB9B1FE9D}"
EndProject
Project("{FAE04EC0-301F-11D3-BF4B-00C04F79EFBC}") = "Curiosity.Email.UnisenderGo", "src\Email\Curiosity.Email.UnisenderGo\Curiosity.Email.UnisenderGo.csproj", "{5273370F-7BE9-41FD-8EF1-8E44BA13D154}"
EndProject
Project("{FAE04EC0-301F-11D3-BF4B-00C04F79EFBC}") = "Curiosity.Hosting", "src\Hosting\Curiosity.Hosting\Curiosity.Hosting.csproj", "{33EF85EA-D65F-4CA5-8376-1255FD70B0BF}"
EndProject
Project("{FAE04EC0-301F-11D3-BF4B-00C04F79EFBC}") = "Curiosity.Hosting.Web", "src\Hosting\Curiosity.Hosting.Web\Curiosity.Hosting.Web.csproj", "{B8B77069-FE6E-4BB3-ACE5-458C5C46075E}"
EndProject
Project("{FAE04EC0-301F-11D3-BF4B-00C04F79EFBC}") = "Curiosity.Localization", "src\Localization\Curiosity.Localization\Curiosity.Localization.csproj", "{4E27C864-87BF-4EED-A188-28667B5DA4FB}"
EndProject
Project("{FAE04EC0-301F-11D3-BF4B-00C04F79EFBC}") = "Curiosity.Localization.MVC", "src\Localization\Curiosity.Localization.MVC\Curiosity.Localization.MVC.csproj", "{378CD56D-8894-43B7-96D6-CF9B8D40D7CF}"
EndProject
Project("{FAE04EC0-301F-11D3-BF4B-00C04F79EFBC}") = "Curiosity.Notifications", "src\Notifications\Curiosity.Notifications\Curiosity.Notifications.csproj", "{D8CB0D31-F4BA-43BB-A41B-D3B3672DABE9}"
EndProject
Project("{FAE04EC0-301F-11D3-BF4B-00C04F79EFBC}") = "Curiosity.Notifications.EMail", "src\Notifications\Curiosity.Notifications.EMail\Curiosity.Notifications.EMail.csproj", "{E85A9695-859F-4D16-8A6F-312D16C76906}"
EndProject
Project("{FAE04EC0-301F-11D3-BF4B-00C04F79EFBC}") = "Curiosity.Notifications.SMS", "src\Notifications\Curiosity.Notifications.SMS\Curiosity.Notifications.SMS.csproj", "{40FAD64C-1144-4EC9-AF95-2674E179918F}"
EndProject
Project("{FAE04EC0-301F-11D3-BF4B-00C04F79EFBC}") = "Curiosity.RequestProcessing", "src\RequestProcessing\Curiosity.RequestProcessing\Curiosity.RequestProcessing.csproj", "{34A58B77-6DE2-42F6-B498-26A175416185}"
EndProject
Project("{FAE04EC0-301F-11D3-BF4B-00C04F79EFBC}") = "Curiosity.RequestProcessing.Postgres", "src\RequestProcessing\Curiosity.RequestProcessing.Postgres\Curiosity.RequestProcessing.Postgres.csproj", "{5F14D386-2451-4916-834A-0A09B9C8FE3B}"
EndProject
Project("{FAE04EC0-301F-11D3-BF4B-00C04F79EFBC}") = "Curiosity.SFTP", "src\SFTP\Curiosity.SFTP\Curiosity.SFTP.csproj", "{DFDABB24-0BC6-425A-85E6-68238DFA308D}"
EndProject
Project("{FAE04EC0-301F-11D3-BF4B-00C04F79EFBC}") = "Curiosity.SFTP.SSH.Net", "src\SFTP\Curiosity.SFTP.SSH.Net\Curiosity.SFTP.SSH.Net.csproj", "{2A5D1747-8356-478E-9448-DC248E174130}"
EndProject
Project("{FAE04EC0-301F-11D3-BF4B-00C04F79EFBC}") = "Curiosity.SMS", "src\SMS\Curiosity.SMS\Curiosity.SMS.csproj", "{47DDD025-53A4-4AFE-BCC6-979A852336E5}"
EndProject
Project("{FAE04EC0-301F-11D3-BF4B-00C04F79EFBC}") = "Curiosity.SMS.Smsc", "src\SMS\Curiosity.SMS.Smsc\Curiosity.SMS.Smsc.csproj", "{9A40E830-9022-45F6-B91B-126B4ACB159E}"
EndProject
Project("{2150E333-8FDC-42A3-9474-1A3956D46DE8}") = "Email", "Email", "{AD7F0A99-38F1-4E5C-85F5-0AC19B91B135}"
EndProject
Project("{FAE04EC0-301F-11D3-BF4B-00C04F79EFBC}") = "Curiosity.Email.UnisenderGo.IntegrationTests", "tests\IntegrationTests\Email\Curiosity.Email.UnisenderGo.IntegrationTests\Curiosity.Email.UnisenderGo.IntegrationTests.csproj", "{044346C7-6829-49AE-9F4C-E4C997685774}"
EndProject
Project("{2150E333-8FDC-42A3-9474-1A3956D46DE8}") = "DAL", "DAL", "{C5032037-6D5C-4EEF-A278-FA93EF7E5E59}"
EndProject
Project("{2150E333-8FDC-42A3-9474-1A3956D46DE8}") = "Email", "Email", "{A803824F-9712-4EE6-B101-4C0E3B3A479F}"
EndProject
Project("{2150E333-8FDC-42A3-9474-1A3956D46DE8}") = "Notifications", "Notifications", "{931F7AED-601C-4627-B6A1-09BA05E95F1F}"
EndProject
Project("{2150E333-8FDC-42A3-9474-1A3956D46DE8}") = "Misc", "Misc", "{E9B593D3-0F74-4622-BC91-92431770EA5E}"
EndProject
Project("{FAE04EC0-301F-11D3-BF4B-00C04F79EFBC}") = "Curiosity.DAL.EF.UnitTests", "tests\UnitTests\DAL\Curiosity.DAL.EF.UnitTests\Curiosity.DAL.EF.UnitTests.csproj", "{D3DBCAA9-028C-48F7-B145-DDFA9A7DD4A5}"
EndProject
Project("{FAE04EC0-301F-11D3-BF4B-00C04F79EFBC}") = "Curiosity.Emails.UnitTests", "tests\UnitTests\Email\Curiosity.Emails.UnitTests\Curiosity.Emails.UnitTests.csproj", "{967CC532-BEA3-4A6B-8AEB-87EFAFC8B467}"
EndProject
Project("{FAE04EC0-301F-11D3-BF4B-00C04F79EFBC}") = "Curiosity.DateTime.DbSync.UnitTests", "tests\UnitTests\Misc\Curiosity.DateTime.DbSync.UnitTests\Curiosity.DateTime.DbSync.UnitTests.csproj", "{5B75CFCE-38EF-46BA-85C9-0C6D2F1E18E3}"
EndProject
Project("{FAE04EC0-301F-11D3-BF4B-00C04F79EFBC}") = "Curiosity.Tools.UnitTests", "tests\UnitTests\Misc\Curiosity.Tools.UnitTests\Curiosity.Tools.UnitTests.csproj", "{5E902C05-3508-437B-A618-246B9C9B43E9}"
EndProject
Project("{FAE04EC0-301F-11D3-BF4B-00C04F79EFBC}") = "Curiosity.Notifications.EMail.UnitTests", "tests\UnitTests\Notifications\Curiosity.Notifications.EMail.UnitTests\Curiosity.Notifications.EMail.UnitTests.csproj", "{F4B0B14E-35DF-488E-B865-DB98DD8F1E09}"
EndProject
Project("{FAE04EC0-301F-11D3-BF4B-00C04F79EFBC}") = "Curiosity.RabbitMQ", "src\Messaging\Curiosity.RabbitMQ\Curiosity.RabbitMQ.csproj", "{7D3A1A31-667E-4FD7-9D35-4431E0D63AFC}"
EndProject
Project("{FAE04EC0-301F-11D3-BF4B-00C04F79EFBC}") = "Curiosity.RequestProcessing.RabbitMQ", "src\RequestProcessing\Curiosity.RequestProcessing.RabbitMQ\Curiosity.RequestProcessing.RabbitMQ.csproj", "{679EA2D4-6F6F-44B1-BCF0-B6F71B730AEB}"
EndProject
Project("{2150E333-8FDC-42A3-9474-1A3956D46DE8}") = "RequestProcessing", "RequestProcessing", "{FF5F7FC5-D590-4141-A1F7-3585BF7639DD}"
EndProject
Project("{2150E333-8FDC-42A3-9474-1A3956D46DE8}") = "RabbitMQ", "RabbitMQ", "{7CFB0FEF-A83E-41F5-AAF7-61B84D18D243}"
	ProjectSection(SolutionItems) = preProject
		samples\RequestProcessing\RabbitMQ\rabbitmq-docker-compose.yml = samples\RequestProcessing\RabbitMQ\rabbitmq-docker-compose.yml
	EndProjectSection
EndProject
Project("{FAE04EC0-301F-11D3-BF4B-00C04F79EFBC}") = "Curiosity.RequestProcessing.RabbitMQ.Sample.ConsumerApp", "samples\RequestProcessing\RabbitMQ\Curiosity.RequestProcessing.RabbitMQ.Sample.ConsumerApp\Curiosity.RequestProcessing.RabbitMQ.Sample.ConsumerApp.csproj", "{83CEF9F6-F912-4664-A238-9FDDD7E057BC}"
EndProject
Project("{FAE04EC0-301F-11D3-BF4B-00C04F79EFBC}") = "Curiosity.RequestProcessing.RabbitMQ.Sample.Common", "samples\RequestProcessing\RabbitMQ\Curiosity.RequestProcessing.RabbitMQ.Sample.Common\Curiosity.RequestProcessing.RabbitMQ.Sample.Common.csproj", "{CE399C64-3A60-475C-B6A8-045461FA2EDD}"
EndProject
Project("{FAE04EC0-301F-11D3-BF4B-00C04F79EFBC}") = "Curiosity.RequestProcessing.RabbitMQ.Sample.ProducerApp", "samples\RequestProcessing\RabbitMQ\Curiosity.RequestProcessing.RabbitMQ.Sample.ProducerApp\Curiosity.RequestProcessing.RabbitMQ.Sample.ProducerApp.csproj", "{97ED36AE-E975-4CF8-BDDB-226DB0032531}"
EndProject
Project("{FAE04EC0-301F-11D3-BF4B-00C04F79EFBC}") = "Curiosity.SMS.Iqsms", "src\SMS\Curiosity.SMS.Iqsms\Curiosity.SMS.Iqsms.csproj", "{9CE5443D-D7D5-45DA-B32E-7776AAC4FFC5}"
EndProject
Project("{FAE04EC0-301F-11D3-BF4B-00C04F79EFBC}") = "Curiosity.SMS.Iqsms.Sample", "samples\Curiosity.SMS.Iqsms.Sample\Curiosity.SMS.Iqsms.Sample.csproj", "{4015E00D-EC76-4A73-A52F-4C4D71C6B8B5}"
EndProject
Project("{FAE04EC0-301F-11D3-BF4B-00C04F79EFBC}") = "SIISLtd.Utils.FileDataReaderWriters", "src\FileData\SIISLtd.Utils.FileDataReaderWriters\SIISLtd.Utils.FileDataReaderWriters.csproj", "{D135ADFA-0A52-41C0-876F-691876A780E1}"
EndProject
Project("{2150E333-8FDC-42A3-9474-1A3956D46DE8}") = "FileData", "FileData", "{2B8CCF93-24F0-45F9-9961-85695351141E}"
EndProject
Global
	GlobalSection(SolutionConfigurationPlatforms) = preSolution
		Debug|Any CPU = Debug|Any CPU
		Release|Any CPU = Release|Any CPU
	EndGlobalSection
	GlobalSection(ProjectConfigurationPlatforms) = postSolution
		{9C3EFD51-4681-4CBC-8CB1-0DD69FA9899A}.Debug|Any CPU.ActiveCfg = Debug|Any CPU
		{9C3EFD51-4681-4CBC-8CB1-0DD69FA9899A}.Debug|Any CPU.Build.0 = Debug|Any CPU
		{9C3EFD51-4681-4CBC-8CB1-0DD69FA9899A}.Release|Any CPU.ActiveCfg = Release|Any CPU
		{9C3EFD51-4681-4CBC-8CB1-0DD69FA9899A}.Release|Any CPU.Build.0 = Release|Any CPU
		{9BF89006-7E88-43D6-80AC-A9F0C3057CAB}.Debug|Any CPU.ActiveCfg = Debug|Any CPU
		{9BF89006-7E88-43D6-80AC-A9F0C3057CAB}.Debug|Any CPU.Build.0 = Debug|Any CPU
		{9BF89006-7E88-43D6-80AC-A9F0C3057CAB}.Release|Any CPU.ActiveCfg = Release|Any CPU
		{9BF89006-7E88-43D6-80AC-A9F0C3057CAB}.Release|Any CPU.Build.0 = Release|Any CPU
		{2A5A4893-0262-4C6F-9398-6526266065D8}.Debug|Any CPU.ActiveCfg = Debug|Any CPU
		{2A5A4893-0262-4C6F-9398-6526266065D8}.Debug|Any CPU.Build.0 = Debug|Any CPU
		{2A5A4893-0262-4C6F-9398-6526266065D8}.Release|Any CPU.ActiveCfg = Release|Any CPU
		{2A5A4893-0262-4C6F-9398-6526266065D8}.Release|Any CPU.Build.0 = Release|Any CPU
		{0641424A-4361-4348-A10E-B64B40FA0975}.Debug|Any CPU.ActiveCfg = Debug|Any CPU
		{0641424A-4361-4348-A10E-B64B40FA0975}.Debug|Any CPU.Build.0 = Debug|Any CPU
		{0641424A-4361-4348-A10E-B64B40FA0975}.Release|Any CPU.ActiveCfg = Release|Any CPU
		{0641424A-4361-4348-A10E-B64B40FA0975}.Release|Any CPU.Build.0 = Release|Any CPU
		{C17D4B89-E6ED-475F-87DE-DD48B569E9D7}.Debug|Any CPU.ActiveCfg = Debug|Any CPU
		{C17D4B89-E6ED-475F-87DE-DD48B569E9D7}.Debug|Any CPU.Build.0 = Debug|Any CPU
		{C17D4B89-E6ED-475F-87DE-DD48B569E9D7}.Release|Any CPU.ActiveCfg = Release|Any CPU
		{C17D4B89-E6ED-475F-87DE-DD48B569E9D7}.Release|Any CPU.Build.0 = Release|Any CPU
		{ED6D619D-A74C-4E5E-8FF3-1F74D1D98686}.Debug|Any CPU.ActiveCfg = Debug|Any CPU
		{ED6D619D-A74C-4E5E-8FF3-1F74D1D98686}.Debug|Any CPU.Build.0 = Debug|Any CPU
		{ED6D619D-A74C-4E5E-8FF3-1F74D1D98686}.Release|Any CPU.ActiveCfg = Release|Any CPU
		{ED6D619D-A74C-4E5E-8FF3-1F74D1D98686}.Release|Any CPU.Build.0 = Release|Any CPU
		{F3A97EA2-DA4E-4B2F-BAD6-3C4334F194AD}.Debug|Any CPU.ActiveCfg = Debug|Any CPU
		{F3A97EA2-DA4E-4B2F-BAD6-3C4334F194AD}.Debug|Any CPU.Build.0 = Debug|Any CPU
		{F3A97EA2-DA4E-4B2F-BAD6-3C4334F194AD}.Release|Any CPU.ActiveCfg = Release|Any CPU
		{F3A97EA2-DA4E-4B2F-BAD6-3C4334F194AD}.Release|Any CPU.Build.0 = Release|Any CPU
		{1D85D9DC-BD34-4DCC-AD1C-33E8ACE86CEE}.Debug|Any CPU.ActiveCfg = Debug|Any CPU
		{1D85D9DC-BD34-4DCC-AD1C-33E8ACE86CEE}.Debug|Any CPU.Build.0 = Debug|Any CPU
		{1D85D9DC-BD34-4DCC-AD1C-33E8ACE86CEE}.Release|Any CPU.ActiveCfg = Release|Any CPU
		{1D85D9DC-BD34-4DCC-AD1C-33E8ACE86CEE}.Release|Any CPU.Build.0 = Release|Any CPU
		{F0AE6E96-58A7-4321-AA3C-92437659C001}.Debug|Any CPU.ActiveCfg = Debug|Any CPU
		{F0AE6E96-58A7-4321-AA3C-92437659C001}.Debug|Any CPU.Build.0 = Debug|Any CPU
		{F0AE6E96-58A7-4321-AA3C-92437659C001}.Release|Any CPU.ActiveCfg = Release|Any CPU
		{F0AE6E96-58A7-4321-AA3C-92437659C001}.Release|Any CPU.Build.0 = Release|Any CPU
		{C0789496-3203-4E08-ADC0-6F3CFB707234}.Debug|Any CPU.ActiveCfg = Debug|Any CPU
		{C0789496-3203-4E08-ADC0-6F3CFB707234}.Debug|Any CPU.Build.0 = Debug|Any CPU
		{C0789496-3203-4E08-ADC0-6F3CFB707234}.Release|Any CPU.ActiveCfg = Release|Any CPU
		{C0789496-3203-4E08-ADC0-6F3CFB707234}.Release|Any CPU.Build.0 = Release|Any CPU
		{A4950C13-0BCB-4143-8968-CA0AACCA3195}.Debug|Any CPU.ActiveCfg = Debug|Any CPU
		{A4950C13-0BCB-4143-8968-CA0AACCA3195}.Debug|Any CPU.Build.0 = Debug|Any CPU
		{A4950C13-0BCB-4143-8968-CA0AACCA3195}.Release|Any CPU.ActiveCfg = Release|Any CPU
		{A4950C13-0BCB-4143-8968-CA0AACCA3195}.Release|Any CPU.Build.0 = Release|Any CPU
		{2639271A-461F-474F-8CEA-B907A611B6CB}.Debug|Any CPU.ActiveCfg = Debug|Any CPU
		{2639271A-461F-474F-8CEA-B907A611B6CB}.Debug|Any CPU.Build.0 = Debug|Any CPU
		{2639271A-461F-474F-8CEA-B907A611B6CB}.Release|Any CPU.ActiveCfg = Release|Any CPU
		{2639271A-461F-474F-8CEA-B907A611B6CB}.Release|Any CPU.Build.0 = Release|Any CPU
		{F19598AD-EA95-49E2-850F-027468A2A07A}.Debug|Any CPU.ActiveCfg = Debug|Any CPU
		{F19598AD-EA95-49E2-850F-027468A2A07A}.Debug|Any CPU.Build.0 = Debug|Any CPU
		{F19598AD-EA95-49E2-850F-027468A2A07A}.Release|Any CPU.ActiveCfg = Release|Any CPU
		{F19598AD-EA95-49E2-850F-027468A2A07A}.Release|Any CPU.Build.0 = Release|Any CPU
		{DD0336EC-318B-46C3-B4AC-5EB6DF206858}.Debug|Any CPU.ActiveCfg = Debug|Any CPU
		{DD0336EC-318B-46C3-B4AC-5EB6DF206858}.Debug|Any CPU.Build.0 = Debug|Any CPU
		{DD0336EC-318B-46C3-B4AC-5EB6DF206858}.Release|Any CPU.ActiveCfg = Release|Any CPU
		{DD0336EC-318B-46C3-B4AC-5EB6DF206858}.Release|Any CPU.Build.0 = Release|Any CPU
		{5AB5AFF6-88E1-4F27-8C7C-88FEACB88A32}.Debug|Any CPU.ActiveCfg = Debug|Any CPU
		{5AB5AFF6-88E1-4F27-8C7C-88FEACB88A32}.Debug|Any CPU.Build.0 = Debug|Any CPU
		{5AB5AFF6-88E1-4F27-8C7C-88FEACB88A32}.Release|Any CPU.ActiveCfg = Release|Any CPU
		{5AB5AFF6-88E1-4F27-8C7C-88FEACB88A32}.Release|Any CPU.Build.0 = Release|Any CPU
		{E10C20F0-8D4C-4E48-BEA4-052359D7C4A5}.Debug|Any CPU.ActiveCfg = Debug|Any CPU
		{E10C20F0-8D4C-4E48-BEA4-052359D7C4A5}.Debug|Any CPU.Build.0 = Debug|Any CPU
		{E10C20F0-8D4C-4E48-BEA4-052359D7C4A5}.Release|Any CPU.ActiveCfg = Release|Any CPU
		{E10C20F0-8D4C-4E48-BEA4-052359D7C4A5}.Release|Any CPU.Build.0 = Release|Any CPU
		{F8E3168E-6996-446A-A653-EC0412AA511F}.Debug|Any CPU.ActiveCfg = Debug|Any CPU
		{F8E3168E-6996-446A-A653-EC0412AA511F}.Debug|Any CPU.Build.0 = Debug|Any CPU
		{F8E3168E-6996-446A-A653-EC0412AA511F}.Release|Any CPU.ActiveCfg = Release|Any CPU
		{F8E3168E-6996-446A-A653-EC0412AA511F}.Release|Any CPU.Build.0 = Release|Any CPU
		{FFE5DD8B-BA6D-4BB0-8CB9-61625B44315D}.Debug|Any CPU.ActiveCfg = Debug|Any CPU
		{FFE5DD8B-BA6D-4BB0-8CB9-61625B44315D}.Debug|Any CPU.Build.0 = Debug|Any CPU
		{FFE5DD8B-BA6D-4BB0-8CB9-61625B44315D}.Release|Any CPU.ActiveCfg = Release|Any CPU
		{FFE5DD8B-BA6D-4BB0-8CB9-61625B44315D}.Release|Any CPU.Build.0 = Release|Any CPU
		{CF04E512-38FF-4372-B1F9-718CB9B1FE9D}.Debug|Any CPU.ActiveCfg = Debug|Any CPU
		{CF04E512-38FF-4372-B1F9-718CB9B1FE9D}.Debug|Any CPU.Build.0 = Debug|Any CPU
		{CF04E512-38FF-4372-B1F9-718CB9B1FE9D}.Release|Any CPU.ActiveCfg = Release|Any CPU
		{CF04E512-38FF-4372-B1F9-718CB9B1FE9D}.Release|Any CPU.Build.0 = Release|Any CPU
		{5273370F-7BE9-41FD-8EF1-8E44BA13D154}.Debug|Any CPU.ActiveCfg = Debug|Any CPU
		{5273370F-7BE9-41FD-8EF1-8E44BA13D154}.Debug|Any CPU.Build.0 = Debug|Any CPU
		{5273370F-7BE9-41FD-8EF1-8E44BA13D154}.Release|Any CPU.ActiveCfg = Release|Any CPU
		{5273370F-7BE9-41FD-8EF1-8E44BA13D154}.Release|Any CPU.Build.0 = Release|Any CPU
		{33EF85EA-D65F-4CA5-8376-1255FD70B0BF}.Debug|Any CPU.ActiveCfg = Debug|Any CPU
		{33EF85EA-D65F-4CA5-8376-1255FD70B0BF}.Debug|Any CPU.Build.0 = Debug|Any CPU
		{33EF85EA-D65F-4CA5-8376-1255FD70B0BF}.Release|Any CPU.ActiveCfg = Release|Any CPU
		{33EF85EA-D65F-4CA5-8376-1255FD70B0BF}.Release|Any CPU.Build.0 = Release|Any CPU
		{B8B77069-FE6E-4BB3-ACE5-458C5C46075E}.Debug|Any CPU.ActiveCfg = Debug|Any CPU
		{B8B77069-FE6E-4BB3-ACE5-458C5C46075E}.Debug|Any CPU.Build.0 = Debug|Any CPU
		{B8B77069-FE6E-4BB3-ACE5-458C5C46075E}.Release|Any CPU.ActiveCfg = Release|Any CPU
		{B8B77069-FE6E-4BB3-ACE5-458C5C46075E}.Release|Any CPU.Build.0 = Release|Any CPU
		{4E27C864-87BF-4EED-A188-28667B5DA4FB}.Debug|Any CPU.ActiveCfg = Debug|Any CPU
		{4E27C864-87BF-4EED-A188-28667B5DA4FB}.Debug|Any CPU.Build.0 = Debug|Any CPU
		{4E27C864-87BF-4EED-A188-28667B5DA4FB}.Release|Any CPU.ActiveCfg = Release|Any CPU
		{4E27C864-87BF-4EED-A188-28667B5DA4FB}.Release|Any CPU.Build.0 = Release|Any CPU
		{378CD56D-8894-43B7-96D6-CF9B8D40D7CF}.Debug|Any CPU.ActiveCfg = Debug|Any CPU
		{378CD56D-8894-43B7-96D6-CF9B8D40D7CF}.Debug|Any CPU.Build.0 = Debug|Any CPU
		{378CD56D-8894-43B7-96D6-CF9B8D40D7CF}.Release|Any CPU.ActiveCfg = Release|Any CPU
		{378CD56D-8894-43B7-96D6-CF9B8D40D7CF}.Release|Any CPU.Build.0 = Release|Any CPU
		{D8CB0D31-F4BA-43BB-A41B-D3B3672DABE9}.Debug|Any CPU.ActiveCfg = Debug|Any CPU
		{D8CB0D31-F4BA-43BB-A41B-D3B3672DABE9}.Debug|Any CPU.Build.0 = Debug|Any CPU
		{D8CB0D31-F4BA-43BB-A41B-D3B3672DABE9}.Release|Any CPU.ActiveCfg = Release|Any CPU
		{D8CB0D31-F4BA-43BB-A41B-D3B3672DABE9}.Release|Any CPU.Build.0 = Release|Any CPU
		{E85A9695-859F-4D16-8A6F-312D16C76906}.Debug|Any CPU.ActiveCfg = Debug|Any CPU
		{E85A9695-859F-4D16-8A6F-312D16C76906}.Debug|Any CPU.Build.0 = Debug|Any CPU
		{E85A9695-859F-4D16-8A6F-312D16C76906}.Release|Any CPU.ActiveCfg = Release|Any CPU
		{E85A9695-859F-4D16-8A6F-312D16C76906}.Release|Any CPU.Build.0 = Release|Any CPU
		{40FAD64C-1144-4EC9-AF95-2674E179918F}.Debug|Any CPU.ActiveCfg = Debug|Any CPU
		{40FAD64C-1144-4EC9-AF95-2674E179918F}.Debug|Any CPU.Build.0 = Debug|Any CPU
		{40FAD64C-1144-4EC9-AF95-2674E179918F}.Release|Any CPU.ActiveCfg = Release|Any CPU
		{40FAD64C-1144-4EC9-AF95-2674E179918F}.Release|Any CPU.Build.0 = Release|Any CPU
		{34A58B77-6DE2-42F6-B498-26A175416185}.Debug|Any CPU.ActiveCfg = Debug|Any CPU
		{34A58B77-6DE2-42F6-B498-26A175416185}.Debug|Any CPU.Build.0 = Debug|Any CPU
		{34A58B77-6DE2-42F6-B498-26A175416185}.Release|Any CPU.ActiveCfg = Release|Any CPU
		{34A58B77-6DE2-42F6-B498-26A175416185}.Release|Any CPU.Build.0 = Release|Any CPU
		{5F14D386-2451-4916-834A-0A09B9C8FE3B}.Debug|Any CPU.ActiveCfg = Debug|Any CPU
		{5F14D386-2451-4916-834A-0A09B9C8FE3B}.Debug|Any CPU.Build.0 = Debug|Any CPU
		{5F14D386-2451-4916-834A-0A09B9C8FE3B}.Release|Any CPU.ActiveCfg = Release|Any CPU
		{5F14D386-2451-4916-834A-0A09B9C8FE3B}.Release|Any CPU.Build.0 = Release|Any CPU
		{DFDABB24-0BC6-425A-85E6-68238DFA308D}.Debug|Any CPU.ActiveCfg = Debug|Any CPU
		{DFDABB24-0BC6-425A-85E6-68238DFA308D}.Debug|Any CPU.Build.0 = Debug|Any CPU
		{DFDABB24-0BC6-425A-85E6-68238DFA308D}.Release|Any CPU.ActiveCfg = Release|Any CPU
		{DFDABB24-0BC6-425A-85E6-68238DFA308D}.Release|Any CPU.Build.0 = Release|Any CPU
		{2A5D1747-8356-478E-9448-DC248E174130}.Debug|Any CPU.ActiveCfg = Debug|Any CPU
		{2A5D1747-8356-478E-9448-DC248E174130}.Debug|Any CPU.Build.0 = Debug|Any CPU
		{2A5D1747-8356-478E-9448-DC248E174130}.Release|Any CPU.ActiveCfg = Release|Any CPU
		{2A5D1747-8356-478E-9448-DC248E174130}.Release|Any CPU.Build.0 = Release|Any CPU
		{47DDD025-53A4-4AFE-BCC6-979A852336E5}.Debug|Any CPU.ActiveCfg = Debug|Any CPU
		{47DDD025-53A4-4AFE-BCC6-979A852336E5}.Debug|Any CPU.Build.0 = Debug|Any CPU
		{47DDD025-53A4-4AFE-BCC6-979A852336E5}.Release|Any CPU.ActiveCfg = Release|Any CPU
		{47DDD025-53A4-4AFE-BCC6-979A852336E5}.Release|Any CPU.Build.0 = Release|Any CPU
		{9A40E830-9022-45F6-B91B-126B4ACB159E}.Debug|Any CPU.ActiveCfg = Debug|Any CPU
		{9A40E830-9022-45F6-B91B-126B4ACB159E}.Debug|Any CPU.Build.0 = Debug|Any CPU
		{9A40E830-9022-45F6-B91B-126B4ACB159E}.Release|Any CPU.ActiveCfg = Release|Any CPU
		{9A40E830-9022-45F6-B91B-126B4ACB159E}.Release|Any CPU.Build.0 = Release|Any CPU
		{044346C7-6829-49AE-9F4C-E4C997685774}.Debug|Any CPU.ActiveCfg = Debug|Any CPU
		{044346C7-6829-49AE-9F4C-E4C997685774}.Debug|Any CPU.Build.0 = Debug|Any CPU
		{044346C7-6829-49AE-9F4C-E4C997685774}.Release|Any CPU.ActiveCfg = Release|Any CPU
		{044346C7-6829-49AE-9F4C-E4C997685774}.Release|Any CPU.Build.0 = Release|Any CPU
		{D3DBCAA9-028C-48F7-B145-DDFA9A7DD4A5}.Debug|Any CPU.ActiveCfg = Debug|Any CPU
		{D3DBCAA9-028C-48F7-B145-DDFA9A7DD4A5}.Debug|Any CPU.Build.0 = Debug|Any CPU
		{D3DBCAA9-028C-48F7-B145-DDFA9A7DD4A5}.Release|Any CPU.ActiveCfg = Release|Any CPU
		{D3DBCAA9-028C-48F7-B145-DDFA9A7DD4A5}.Release|Any CPU.Build.0 = Release|Any CPU
		{967CC532-BEA3-4A6B-8AEB-87EFAFC8B467}.Debug|Any CPU.ActiveCfg = Debug|Any CPU
		{967CC532-BEA3-4A6B-8AEB-87EFAFC8B467}.Debug|Any CPU.Build.0 = Debug|Any CPU
		{967CC532-BEA3-4A6B-8AEB-87EFAFC8B467}.Release|Any CPU.ActiveCfg = Release|Any CPU
		{967CC532-BEA3-4A6B-8AEB-87EFAFC8B467}.Release|Any CPU.Build.0 = Release|Any CPU
		{5B75CFCE-38EF-46BA-85C9-0C6D2F1E18E3}.Debug|Any CPU.ActiveCfg = Debug|Any CPU
		{5B75CFCE-38EF-46BA-85C9-0C6D2F1E18E3}.Debug|Any CPU.Build.0 = Debug|Any CPU
		{5B75CFCE-38EF-46BA-85C9-0C6D2F1E18E3}.Release|Any CPU.ActiveCfg = Release|Any CPU
		{5B75CFCE-38EF-46BA-85C9-0C6D2F1E18E3}.Release|Any CPU.Build.0 = Release|Any CPU
		{5E902C05-3508-437B-A618-246B9C9B43E9}.Debug|Any CPU.ActiveCfg = Debug|Any CPU
		{5E902C05-3508-437B-A618-246B9C9B43E9}.Debug|Any CPU.Build.0 = Debug|Any CPU
		{5E902C05-3508-437B-A618-246B9C9B43E9}.Release|Any CPU.ActiveCfg = Release|Any CPU
		{5E902C05-3508-437B-A618-246B9C9B43E9}.Release|Any CPU.Build.0 = Release|Any CPU
		{F4B0B14E-35DF-488E-B865-DB98DD8F1E09}.Debug|Any CPU.ActiveCfg = Debug|Any CPU
		{F4B0B14E-35DF-488E-B865-DB98DD8F1E09}.Debug|Any CPU.Build.0 = Debug|Any CPU
		{F4B0B14E-35DF-488E-B865-DB98DD8F1E09}.Release|Any CPU.ActiveCfg = Release|Any CPU
		{F4B0B14E-35DF-488E-B865-DB98DD8F1E09}.Release|Any CPU.Build.0 = Release|Any CPU
		{7D3A1A31-667E-4FD7-9D35-4431E0D63AFC}.Debug|Any CPU.ActiveCfg = Debug|Any CPU
		{7D3A1A31-667E-4FD7-9D35-4431E0D63AFC}.Debug|Any CPU.Build.0 = Debug|Any CPU
		{7D3A1A31-667E-4FD7-9D35-4431E0D63AFC}.Release|Any CPU.ActiveCfg = Release|Any CPU
		{7D3A1A31-667E-4FD7-9D35-4431E0D63AFC}.Release|Any CPU.Build.0 = Release|Any CPU
		{679EA2D4-6F6F-44B1-BCF0-B6F71B730AEB}.Debug|Any CPU.ActiveCfg = Debug|Any CPU
		{679EA2D4-6F6F-44B1-BCF0-B6F71B730AEB}.Debug|Any CPU.Build.0 = Debug|Any CPU
		{679EA2D4-6F6F-44B1-BCF0-B6F71B730AEB}.Release|Any CPU.ActiveCfg = Release|Any CPU
		{679EA2D4-6F6F-44B1-BCF0-B6F71B730AEB}.Release|Any CPU.Build.0 = Release|Any CPU
		{83CEF9F6-F912-4664-A238-9FDDD7E057BC}.Debug|Any CPU.ActiveCfg = Debug|Any CPU
		{83CEF9F6-F912-4664-A238-9FDDD7E057BC}.Debug|Any CPU.Build.0 = Debug|Any CPU
		{83CEF9F6-F912-4664-A238-9FDDD7E057BC}.Release|Any CPU.ActiveCfg = Release|Any CPU
		{83CEF9F6-F912-4664-A238-9FDDD7E057BC}.Release|Any CPU.Build.0 = Release|Any CPU
		{CE399C64-3A60-475C-B6A8-045461FA2EDD}.Debug|Any CPU.ActiveCfg = Debug|Any CPU
		{CE399C64-3A60-475C-B6A8-045461FA2EDD}.Debug|Any CPU.Build.0 = Debug|Any CPU
		{CE399C64-3A60-475C-B6A8-045461FA2EDD}.Release|Any CPU.ActiveCfg = Release|Any CPU
		{CE399C64-3A60-475C-B6A8-045461FA2EDD}.Release|Any CPU.Build.0 = Release|Any CPU
		{97ED36AE-E975-4CF8-BDDB-226DB0032531}.Debug|Any CPU.ActiveCfg = Debug|Any CPU
		{97ED36AE-E975-4CF8-BDDB-226DB0032531}.Debug|Any CPU.Build.0 = Debug|Any CPU
		{97ED36AE-E975-4CF8-BDDB-226DB0032531}.Release|Any CPU.ActiveCfg = Release|Any CPU
		{97ED36AE-E975-4CF8-BDDB-226DB0032531}.Release|Any CPU.Build.0 = Release|Any CPU
		{9CE5443D-D7D5-45DA-B32E-7776AAC4FFC5}.Debug|Any CPU.ActiveCfg = Debug|Any CPU
		{9CE5443D-D7D5-45DA-B32E-7776AAC4FFC5}.Debug|Any CPU.Build.0 = Debug|Any CPU
		{9CE5443D-D7D5-45DA-B32E-7776AAC4FFC5}.Release|Any CPU.ActiveCfg = Release|Any CPU
		{9CE5443D-D7D5-45DA-B32E-7776AAC4FFC5}.Release|Any CPU.Build.0 = Release|Any CPU
		{4015E00D-EC76-4A73-A52F-4C4D71C6B8B5}.Debug|Any CPU.ActiveCfg = Debug|Any CPU
		{4015E00D-EC76-4A73-A52F-4C4D71C6B8B5}.Debug|Any CPU.Build.0 = Debug|Any CPU
		{4015E00D-EC76-4A73-A52F-4C4D71C6B8B5}.Release|Any CPU.ActiveCfg = Release|Any CPU
		{4015E00D-EC76-4A73-A52F-4C4D71C6B8B5}.Release|Any CPU.Build.0 = Release|Any CPU
		{D135ADFA-0A52-41C0-876F-691876A780E1}.Debug|Any CPU.ActiveCfg = Debug|Any CPU
		{D135ADFA-0A52-41C0-876F-691876A780E1}.Debug|Any CPU.Build.0 = Debug|Any CPU
		{D135ADFA-0A52-41C0-876F-691876A780E1}.Release|Any CPU.ActiveCfg = Release|Any CPU
		{D135ADFA-0A52-41C0-876F-691876A780E1}.Release|Any CPU.Build.0 = Release|Any CPU
	EndGlobalSection
	GlobalSection(SolutionProperties) = preSolution
		HideSolutionNode = FALSE
	EndGlobalSection
	GlobalSection(NestedProjects) = preSolution
		{55CC9AE1-6978-4ECB-9A0A-0DCE1B66D492} = {E29E891F-BBEE-40EC-8B06-2CE3A811C657}
		{A5305CE8-201A-4D2D-85BF-635766E1BCD3} = {E29E891F-BBEE-40EC-8B06-2CE3A811C657}
		{40355A8B-26D9-44D7-8AE4-255142B7C711} = {E29E891F-BBEE-40EC-8B06-2CE3A811C657}
		{9C3EFD51-4681-4CBC-8CB1-0DD69FA9899A} = {A7A87B49-2E4C-4A0A-92F4-7C7849F36A84}
		{9BF89006-7E88-43D6-80AC-A9F0C3057CAB} = {A7A87B49-2E4C-4A0A-92F4-7C7849F36A84}
		{82BB1EB3-7615-4E4F-A714-2A2C5821D3BD} = {7C485CBA-A08F-4A0E-835A-4505CBBB7EA8}
		{2A5A4893-0262-4C6F-9398-6526266065D8} = {82BB1EB3-7615-4E4F-A714-2A2C5821D3BD}
		{0641424A-4361-4348-A10E-B64B40FA0975} = {82BB1EB3-7615-4E4F-A714-2A2C5821D3BD}
		{0866729D-660C-46B7-AAD0-DD2C8E020BDC} = {7C485CBA-A08F-4A0E-835A-4505CBBB7EA8}
		{C17D4B89-E6ED-475F-87DE-DD48B569E9D7} = {0866729D-660C-46B7-AAD0-DD2C8E020BDC}
		{ED6D619D-A74C-4E5E-8FF3-1F74D1D98686} = {0866729D-660C-46B7-AAD0-DD2C8E020BDC}
		{0268A50E-3EF1-49CF-91DD-34F610B65835} = {7C485CBA-A08F-4A0E-835A-4505CBBB7EA8}
		{F3A97EA2-DA4E-4B2F-BAD6-3C4334F194AD} = {0268A50E-3EF1-49CF-91DD-34F610B65835}
		{1D85D9DC-BD34-4DCC-AD1C-33E8ACE86CEE} = {0268A50E-3EF1-49CF-91DD-34F610B65835}
		{F0AE6E96-58A7-4321-AA3C-92437659C001} = {0866729D-660C-46B7-AAD0-DD2C8E020BDC}
		{C0789496-3203-4E08-ADC0-6F3CFB707234} = {0866729D-660C-46B7-AAD0-DD2C8E020BDC}
		{A4950C13-0BCB-4143-8968-CA0AACCA3195} = {0866729D-660C-46B7-AAD0-DD2C8E020BDC}
		{4E8014FF-2216-4458-87A6-FF3C5A94C6BC} = {7C485CBA-A08F-4A0E-835A-4505CBBB7EA8}
		{2639271A-461F-474F-8CEA-B907A611B6CB} = {4E8014FF-2216-4458-87A6-FF3C5A94C6BC}
		{F19598AD-EA95-49E2-850F-027468A2A07A} = {4E8014FF-2216-4458-87A6-FF3C5A94C6BC}
		{DD0336EC-318B-46C3-B4AC-5EB6DF206858} = {4E8014FF-2216-4458-87A6-FF3C5A94C6BC}
		{EF238B48-C41F-4074-9876-3A8B73C86821} = {7C485CBA-A08F-4A0E-835A-4505CBBB7EA8}
		{EEB0E172-4687-434F-A91B-3E7D3C60C8F8} = {7C485CBA-A08F-4A0E-835A-4505CBBB7EA8}
		{EBFB0015-985B-4010-A69E-94AD58DAF067} = {7C485CBA-A08F-4A0E-835A-4505CBBB7EA8}
		{DF8EC540-8419-441B-BEFA-78BBBD7FF85C} = {7C485CBA-A08F-4A0E-835A-4505CBBB7EA8}
		{BBB9139C-E302-45A2-BF9E-90307E5E10A9} = {7C485CBA-A08F-4A0E-835A-4505CBBB7EA8}
		{1C3DE599-41AF-43EF-B30E-8A04FCE7BF78} = {7C485CBA-A08F-4A0E-835A-4505CBBB7EA8}
		{9CB5824D-17D9-4ED7-8DD8-6B26A1D3353A} = {7C485CBA-A08F-4A0E-835A-4505CBBB7EA8}
		{F6D2B1FF-1ECB-46C3-BA67-59CC1715EBC2} = {7C485CBA-A08F-4A0E-835A-4505CBBB7EA8}
		{5AB5AFF6-88E1-4F27-8C7C-88FEACB88A32} = {4E8014FF-2216-4458-87A6-FF3C5A94C6BC}
		{E10C20F0-8D4C-4E48-BEA4-052359D7C4A5} = {4E8014FF-2216-4458-87A6-FF3C5A94C6BC}
		{F8E3168E-6996-446A-A653-EC0412AA511F} = {EF238B48-C41F-4074-9876-3A8B73C86821}
		{FFE5DD8B-BA6D-4BB0-8CB9-61625B44315D} = {EF238B48-C41F-4074-9876-3A8B73C86821}
		{CF04E512-38FF-4372-B1F9-718CB9B1FE9D} = {EF238B48-C41F-4074-9876-3A8B73C86821}
		{5273370F-7BE9-41FD-8EF1-8E44BA13D154} = {EF238B48-C41F-4074-9876-3A8B73C86821}
		{33EF85EA-D65F-4CA5-8376-1255FD70B0BF} = {1C3DE599-41AF-43EF-B30E-8A04FCE7BF78}
		{B8B77069-FE6E-4BB3-ACE5-458C5C46075E} = {1C3DE599-41AF-43EF-B30E-8A04FCE7BF78}
		{4E27C864-87BF-4EED-A188-28667B5DA4FB} = {EBFB0015-985B-4010-A69E-94AD58DAF067}
		{378CD56D-8894-43B7-96D6-CF9B8D40D7CF} = {EBFB0015-985B-4010-A69E-94AD58DAF067}
		{D8CB0D31-F4BA-43BB-A41B-D3B3672DABE9} = {DF8EC540-8419-441B-BEFA-78BBBD7FF85C}
		{E85A9695-859F-4D16-8A6F-312D16C76906} = {DF8EC540-8419-441B-BEFA-78BBBD7FF85C}
		{40FAD64C-1144-4EC9-AF95-2674E179918F} = {DF8EC540-8419-441B-BEFA-78BBBD7FF85C}
		{34A58B77-6DE2-42F6-B498-26A175416185} = {BBB9139C-E302-45A2-BF9E-90307E5E10A9}
		{5F14D386-2451-4916-834A-0A09B9C8FE3B} = {BBB9139C-E302-45A2-BF9E-90307E5E10A9}
		{DFDABB24-0BC6-425A-85E6-68238DFA308D} = {F6D2B1FF-1ECB-46C3-BA67-59CC1715EBC2}
		{2A5D1747-8356-478E-9448-DC248E174130} = {F6D2B1FF-1ECB-46C3-BA67-59CC1715EBC2}
		{47DDD025-53A4-4AFE-BCC6-979A852336E5} = {EEB0E172-4687-434F-A91B-3E7D3C60C8F8}
		{9A40E830-9022-45F6-B91B-126B4ACB159E} = {EEB0E172-4687-434F-A91B-3E7D3C60C8F8}
		{AD7F0A99-38F1-4E5C-85F5-0AC19B91B135} = {A5305CE8-201A-4D2D-85BF-635766E1BCD3}
		{044346C7-6829-49AE-9F4C-E4C997685774} = {AD7F0A99-38F1-4E5C-85F5-0AC19B91B135}
		{C5032037-6D5C-4EEF-A278-FA93EF7E5E59} = {55CC9AE1-6978-4ECB-9A0A-0DCE1B66D492}
		{A803824F-9712-4EE6-B101-4C0E3B3A479F} = {55CC9AE1-6978-4ECB-9A0A-0DCE1B66D492}
		{931F7AED-601C-4627-B6A1-09BA05E95F1F} = {55CC9AE1-6978-4ECB-9A0A-0DCE1B66D492}
		{E9B593D3-0F74-4622-BC91-92431770EA5E} = {55CC9AE1-6978-4ECB-9A0A-0DCE1B66D492}
		{D3DBCAA9-028C-48F7-B145-DDFA9A7DD4A5} = {C5032037-6D5C-4EEF-A278-FA93EF7E5E59}
		{967CC532-BEA3-4A6B-8AEB-87EFAFC8B467} = {A803824F-9712-4EE6-B101-4C0E3B3A479F}
		{5B75CFCE-38EF-46BA-85C9-0C6D2F1E18E3} = {E9B593D3-0F74-4622-BC91-92431770EA5E}
		{5E902C05-3508-437B-A618-246B9C9B43E9} = {E9B593D3-0F74-4622-BC91-92431770EA5E}
		{F4B0B14E-35DF-488E-B865-DB98DD8F1E09} = {931F7AED-601C-4627-B6A1-09BA05E95F1F}
		{7D3A1A31-667E-4FD7-9D35-4431E0D63AFC} = {9CB5824D-17D9-4ED7-8DD8-6B26A1D3353A}
		{679EA2D4-6F6F-44B1-BCF0-B6F71B730AEB} = {BBB9139C-E302-45A2-BF9E-90307E5E10A9}
		{FF5F7FC5-D590-4141-A1F7-3585BF7639DD} = {A7A87B49-2E4C-4A0A-92F4-7C7849F36A84}
		{7CFB0FEF-A83E-41F5-AAF7-61B84D18D243} = {FF5F7FC5-D590-4141-A1F7-3585BF7639DD}
		{83CEF9F6-F912-4664-A238-9FDDD7E057BC} = {7CFB0FEF-A83E-41F5-AAF7-61B84D18D243}
		{CE399C64-3A60-475C-B6A8-045461FA2EDD} = {7CFB0FEF-A83E-41F5-AAF7-61B84D18D243}
		{97ED36AE-E975-4CF8-BDDB-226DB0032531} = {7CFB0FEF-A83E-41F5-AAF7-61B84D18D243}
		{9CE5443D-D7D5-45DA-B32E-7776AAC4FFC5} = {EEB0E172-4687-434F-A91B-3E7D3C60C8F8}
		{4015E00D-EC76-4A73-A52F-4C4D71C6B8B5} = {A7A87B49-2E4C-4A0A-92F4-7C7849F36A84}
		{2B8CCF93-24F0-45F9-9961-85695351141E} = {7C485CBA-A08F-4A0E-835A-4505CBBB7EA8}
		{D135ADFA-0A52-41C0-876F-691876A780E1} = {2B8CCF93-24F0-45F9-9961-85695351141E}
	EndGlobalSection
	GlobalSection(ExtensibilityGlobals) = postSolution
		SolutionGuid = {BA1A20A2-0D4E-492D-877C-0A36F18FBFF1}
	EndGlobalSection
EndGlobal
